// !$*UTF8*$!
{
	archiveVersion = 1;
	classes = {
	};
	objectVersion = 46;
	objects = {

/* Begin PBXBuildFile section */
		424169971CE1085700AD5458 /* AppDelegate.swift in Sources */ = {isa = PBXBuildFile; fileRef = 424169961CE1085700AD5458 /* AppDelegate.swift */; };
		424169991CE1085700AD5458 /* ViewController.swift in Sources */ = {isa = PBXBuildFile; fileRef = 424169981CE1085700AD5458 /* ViewController.swift */; };
		4241699C1CE1085700AD5458 /* Main.storyboard in Resources */ = {isa = PBXBuildFile; fileRef = 4241699A1CE1085700AD5458 /* Main.storyboard */; };
		4241699E1CE1085700AD5458 /* Assets.xcassets in Resources */ = {isa = PBXBuildFile; fileRef = 4241699D1CE1085700AD5458 /* Assets.xcassets */; };
		424169A11CE1085700AD5458 /* LaunchScreen.storyboard in Resources */ = {isa = PBXBuildFile; fileRef = 4241699F1CE1085700AD5458 /* LaunchScreen.storyboard */; };
		424169AC1CE1085700AD5458 /* Weather_AppTests.swift in Sources */ = {isa = PBXBuildFile; fileRef = 424169AB1CE1085700AD5458 /* Weather_AppTests.swift */; };
		424169B71CE1085700AD5458 /* Weather_AppUITests.swift in Sources */ = {isa = PBXBuildFile; fileRef = 424169B61CE1085700AD5458 /* Weather_AppUITests.swift */; };
		42FF5BAC1CE23DDD00D3801C /* Location.swift in Sources */ = {isa = PBXBuildFile; fileRef = 42FF5BAB1CE23DDD00D3801C /* Location.swift */; };
		42FF5BAD1CE23DDD00D3801C /* Location.swift in Sources */ = {isa = PBXBuildFile; fileRef = 42FF5BAB1CE23DDD00D3801C /* Location.swift */; };
/* End PBXBuildFile section */

/* Begin PBXContainerItemProxy section */
		424169A81CE1085700AD5458 /* PBXContainerItemProxy */ = {
			isa = PBXContainerItemProxy;
			containerPortal = 4241698B1CE1085700AD5458 /* Project object */;
			proxyType = 1;
			remoteGlobalIDString = 424169921CE1085700AD5458;
			remoteInfo = "Weather App";
		};
		424169B31CE1085700AD5458 /* PBXContainerItemProxy */ = {
			isa = PBXContainerItemProxy;
			containerPortal = 4241698B1CE1085700AD5458 /* Project object */;
			proxyType = 1;
			remoteGlobalIDString = 424169921CE1085700AD5458;
			remoteInfo = "Weather App";
		};
/* End PBXContainerItemProxy section */

/* Begin PBXFileReference section */
		424169931CE1085700AD5458 /* Weather App.app */ = {isa = PBXFileReference; explicitFileType = wrapper.application; includeInIndex = 0; path = "Weather App.app"; sourceTree = BUILT_PRODUCTS_DIR; };
		424169961CE1085700AD5458 /* AppDelegate.swift */ = {isa = PBXFileReference; lastKnownFileType = sourcecode.swift; path = AppDelegate.swift; sourceTree = "<group>"; };
		424169981CE1085700AD5458 /* ViewController.swift */ = {isa = PBXFileReference; lastKnownFileType = sourcecode.swift; path = ViewController.swift; sourceTree = "<group>"; };
		4241699B1CE1085700AD5458 /* Base */ = {isa = PBXFileReference; lastKnownFileType = file.storyboard; name = Base; path = Base.lproj/Main.storyboard; sourceTree = "<group>"; };
		4241699D1CE1085700AD5458 /* Assets.xcassets */ = {isa = PBXFileReference; lastKnownFileType = folder.assetcatalog; path = Assets.xcassets; sourceTree = "<group>"; };
		424169A01CE1085700AD5458 /* Base */ = {isa = PBXFileReference; lastKnownFileType = file.storyboard; name = Base; path = Base.lproj/LaunchScreen.storyboard; sourceTree = "<group>"; };
		424169A21CE1085700AD5458 /* Info.plist */ = {isa = PBXFileReference; lastKnownFileType = text.plist.xml; path = Info.plist; sourceTree = "<group>"; };
		424169A71CE1085700AD5458 /* Weather AppTests.xctest */ = {isa = PBXFileReference; explicitFileType = wrapper.cfbundle; includeInIndex = 0; path = "Weather AppTests.xctest"; sourceTree = BUILT_PRODUCTS_DIR; };
		424169AB1CE1085700AD5458 /* Weather_AppTests.swift */ = {isa = PBXFileReference; lastKnownFileType = sourcecode.swift; path = Weather_AppTests.swift; sourceTree = "<group>"; };
		424169AD1CE1085700AD5458 /* Info.plist */ = {isa = PBXFileReference; lastKnownFileType = text.plist.xml; path = Info.plist; sourceTree = "<group>"; };
		424169B21CE1085700AD5458 /* Weather AppUITests.xctest */ = {isa = PBXFileReference; explicitFileType = wrapper.cfbundle; includeInIndex = 0; path = "Weather AppUITests.xctest"; sourceTree = BUILT_PRODUCTS_DIR; };
		424169B61CE1085700AD5458 /* Weather_AppUITests.swift */ = {isa = PBXFileReference; lastKnownFileType = sourcecode.swift; path = Weather_AppUITests.swift; sourceTree = "<group>"; };
		424169B81CE1085700AD5458 /* Info.plist */ = {isa = PBXFileReference; lastKnownFileType = text.plist.xml; path = Info.plist; sourceTree = "<group>"; };
		42FF5BAB1CE23DDD00D3801C /* Location.swift */ = {isa = PBXFileReference; fileEncoding = 4; lastKnownFileType = sourcecode.swift; name = Location.swift; path = ../Location.swift; sourceTree = "<group>"; };
/* End PBXFileReference section */

/* Begin PBXFrameworksBuildPhase section */
		424169901CE1085700AD5458 /* Frameworks */ = {
			isa = PBXFrameworksBuildPhase;
			buildActionMask = 2147483647;
			files = (
			);
			runOnlyForDeploymentPostprocessing = 0;
		};
		424169A41CE1085700AD5458 /* Frameworks */ = {
			isa = PBXFrameworksBuildPhase;
			buildActionMask = 2147483647;
			files = (
			);
			runOnlyForDeploymentPostprocessing = 0;
		};
		424169AF1CE1085700AD5458 /* Frameworks */ = {
			isa = PBXFrameworksBuildPhase;
			buildActionMask = 2147483647;
			files = (
			);
			runOnlyForDeploymentPostprocessing = 0;
		};
/* End PBXFrameworksBuildPhase section */

/* Begin PBXGroup section */
		4241698A1CE1085700AD5458 = {
			isa = PBXGroup;
			children = (
				424169951CE1085700AD5458 /* Weather App */,
				424169AA1CE1085700AD5458 /* Weather AppTests */,
				424169B51CE1085700AD5458 /* Weather AppUITests */,
				424169941CE1085700AD5458 /* Products */,
			);
			sourceTree = "<group>";
		};
		424169941CE1085700AD5458 /* Products */ = {
			isa = PBXGroup;
			children = (
				424169931CE1085700AD5458 /* Weather App.app */,
				424169A71CE1085700AD5458 /* Weather AppTests.xctest */,
				424169B21CE1085700AD5458 /* Weather AppUITests.xctest */,
			);
			name = Products;
			sourceTree = "<group>";
		};
		424169951CE1085700AD5458 /* Weather App */ = {
			isa = PBXGroup;
			children = (
				42FF5BAB1CE23DDD00D3801C /* Location.swift */,
				424169961CE1085700AD5458 /* AppDelegate.swift */,
				424169981CE1085700AD5458 /* ViewController.swift */,
				4241699A1CE1085700AD5458 /* Main.storyboard */,
				4241699D1CE1085700AD5458 /* Assets.xcassets */,
				4241699F1CE1085700AD5458 /* LaunchScreen.storyboard */,
				424169A21CE1085700AD5458 /* Info.plist */,
			);
			path = "Weather App";
			sourceTree = "<group>";
		};
		424169AA1CE1085700AD5458 /* Weather AppTests */ = {
			isa = PBXGroup;
			children = (
				424169AB1CE1085700AD5458 /* Weather_AppTests.swift */,
				424169AD1CE1085700AD5458 /* Info.plist */,
			);
			path = "Weather AppTests";
			sourceTree = "<group>";
		};
		424169B51CE1085700AD5458 /* Weather AppUITests */ = {
			isa = PBXGroup;
			children = (
				424169B61CE1085700AD5458 /* Weather_AppUITests.swift */,
				424169B81CE1085700AD5458 /* Info.plist */,
			);
			path = "Weather AppUITests";
			sourceTree = "<group>";
		};
/* End PBXGroup section */

/* Begin PBXNativeTarget section */
		424169921CE1085700AD5458 /* Weather App */ = {
			isa = PBXNativeTarget;
			buildConfigurationList = 424169BB1CE1085700AD5458 /* Build configuration list for PBXNativeTarget "Weather App" */;
			buildPhases = (
				4241698F1CE1085700AD5458 /* Sources */,
				424169901CE1085700AD5458 /* Frameworks */,
				424169911CE1085700AD5458 /* Resources */,
			);
			buildRules = (
			);
			dependencies = (
			);
			name = "Weather App";
			productName = "Weather App";
			productReference = 424169931CE1085700AD5458 /* Weather App.app */;
			productType = "com.apple.product-type.application";
		};
		424169A61CE1085700AD5458 /* Weather AppTests */ = {
			isa = PBXNativeTarget;
			buildConfigurationList = 424169BE1CE1085700AD5458 /* Build configuration list for PBXNativeTarget "Weather AppTests" */;
			buildPhases = (
				424169A31CE1085700AD5458 /* Sources */,
				424169A41CE1085700AD5458 /* Frameworks */,
				424169A51CE1085700AD5458 /* Resources */,
			);
			buildRules = (
			);
			dependencies = (
				424169A91CE1085700AD5458 /* PBXTargetDependency */,
			);
			name = "Weather AppTests";
			productName = "Weather AppTests";
			productReference = 424169A71CE1085700AD5458 /* Weather AppTests.xctest */;
			productType = "com.apple.product-type.bundle.unit-test";
		};
		424169B11CE1085700AD5458 /* Weather AppUITests */ = {
			isa = PBXNativeTarget;
			buildConfigurationList = 424169C11CE1085700AD5458 /* Build configuration list for PBXNativeTarget "Weather AppUITests" */;
			buildPhases = (
				424169AE1CE1085700AD5458 /* Sources */,
				424169AF1CE1085700AD5458 /* Frameworks */,
				424169B01CE1085700AD5458 /* Resources */,
			);
			buildRules = (
			);
			dependencies = (
				424169B41CE1085700AD5458 /* PBXTargetDependency */,
			);
			name = "Weather AppUITests";
			productName = "Weather AppUITests";
			productReference = 424169B21CE1085700AD5458 /* Weather AppUITests.xctest */;
			productType = "com.apple.product-type.bundle.ui-testing";
		};
/* End PBXNativeTarget section */

/* Begin PBXProject section */
		4241698B1CE1085700AD5458 /* Project object */ = {
			isa = PBXProject;
			attributes = {
				LastSwiftUpdateCheck = 0730;
				LastUpgradeCheck = 0730;
				ORGANIZATIONNAME = "Jonathan Thomas";
				TargetAttributes = {
					424169921CE1085700AD5458 = {
						CreatedOnToolsVersion = 7.3.1;
					};
					424169A61CE1085700AD5458 = {
						CreatedOnToolsVersion = 7.3.1;
						TestTargetID = 424169921CE1085700AD5458;
					};
					424169B11CE1085700AD5458 = {
						CreatedOnToolsVersion = 7.3.1;
						TestTargetID = 424169921CE1085700AD5458;
					};
				};
			};
			buildConfigurationList = 4241698E1CE1085700AD5458 /* Build configuration list for PBXProject "Weather App" */;
			compatibilityVersion = "Xcode 3.2";
			developmentRegion = English;
			hasScannedForEncodings = 0;
			knownRegions = (
				en,
				Base,
			);
			mainGroup = 4241698A1CE1085700AD5458;
			productRefGroup = 424169941CE1085700AD5458 /* Products */;
			projectDirPath = "";
			projectRoot = "";
			targets = (
				424169921CE1085700AD5458 /* Weather App */,
				424169A61CE1085700AD5458 /* Weather AppTests */,
				424169B11CE1085700AD5458 /* Weather AppUITests */,
			);
		};
/* End PBXProject section */

/* Begin PBXResourcesBuildPhase section */
		424169911CE1085700AD5458 /* Resources */ = {
			isa = PBXResourcesBuildPhase;
			buildActionMask = 2147483647;
			files = (
				424169A11CE1085700AD5458 /* LaunchScreen.storyboard in Resources */,
				4241699E1CE1085700AD5458 /* Assets.xcassets in Resources */,
				4241699C1CE1085700AD5458 /* Main.storyboard in Resources */,
			);
			runOnlyForDeploymentPostprocessing = 0;
		};
		424169A51CE1085700AD5458 /* Resources */ = {
			isa = PBXResourcesBuildPhase;
			buildActionMask = 2147483647;
			files = (
			);
			runOnlyForDeploymentPostprocessing = 0;
		};
		424169B01CE1085700AD5458 /* Resources */ = {
			isa = PBXResourcesBuildPhase;
			buildActionMask = 2147483647;
			files = (
			);
			runOnlyForDeploymentPostprocessing = 0;
		};
/* End PBXResourcesBuildPhase section */

/* Begin PBXSourcesBuildPhase section */
		4241698F1CE1085700AD5458 /* Sources */ = {
			isa = PBXSourcesBuildPhase;
			buildActionMask = 2147483647;
			files = (
				424169991CE1085700AD5458 /* ViewController.swift in Sources */,
				42FF5BAC1CE23DDD00D3801C /* Location.swift in Sources */,
				424169971CE1085700AD5458 /* AppDelegate.swift in Sources */,
			);
			runOnlyForDeploymentPostprocessing = 0;
		};
		424169A31CE1085700AD5458 /* Sources */ = {
			isa = PBXSourcesBuildPhase;
			buildActionMask = 2147483647;
			files = (
				42FF5BAD1CE23DDD00D3801C /* Location.swift in Sources */,
				424169AC1CE1085700AD5458 /* Weather_AppTests.swift in Sources */,
			);
			runOnlyForDeploymentPostprocessing = 0;
		};
		424169AE1CE1085700AD5458 /* Sources */ = {
			isa = PBXSourcesBuildPhase;
			buildActionMask = 2147483647;
			files = (
				424169B71CE1085700AD5458 /* Weather_AppUITests.swift in Sources */,
			);
			runOnlyForDeploymentPostprocessing = 0;
		};
/* End PBXSourcesBuildPhase section */

/* Begin PBXTargetDependency section */
		424169A91CE1085700AD5458 /* PBXTargetDependency */ = {
			isa = PBXTargetDependency;
			target = 424169921CE1085700AD5458 /* Weather App */;
			targetProxy = 424169A81CE1085700AD5458 /* PBXContainerItemProxy */;
		};
		424169B41CE1085700AD5458 /* PBXTargetDependency */ = {
			isa = PBXTargetDependency;
			target = 424169921CE1085700AD5458 /* Weather App */;
			targetProxy = 424169B31CE1085700AD5458 /* PBXContainerItemProxy */;
		};
/* End PBXTargetDependency section */

/* Begin PBXVariantGroup section */
		4241699A1CE1085700AD5458 /* Main.storyboard */ = {
			isa = PBXVariantGroup;
			children = (
				4241699B1CE1085700AD5458 /* Base */,
			);
			name = Main.storyboard;
			sourceTree = "<group>";
		};
		4241699F1CE1085700AD5458 /* LaunchScreen.storyboard */ = {
			isa = PBXVariantGroup;
			children = (
				424169A01CE1085700AD5458 /* Base */,
			);
			name = LaunchScreen.storyboard;
			sourceTree = "<group>";
		};
/* End PBXVariantGroup section */

/* Begin XCBuildConfiguration section */
		424169B91CE1085700AD5458 /* Debug */ = {
			isa = XCBuildConfiguration;
			buildSettings = {
				ALWAYS_SEARCH_USER_PATHS = NO;
				CLANG_ANALYZER_NONNULL = YES;
				CLANG_CXX_LANGUAGE_STANDARD = "gnu++0x";
				CLANG_CXX_LIBRARY = "libc++";
				CLANG_ENABLE_MODULES = YES;
				CLANG_ENABLE_OBJC_ARC = YES;
				CLANG_WARN_BOOL_CONVERSION = YES;
				CLANG_WARN_CONSTANT_CONVERSION = YES;
				CLANG_WARN_DIRECT_OBJC_ISA_USAGE = YES_ERROR;
				CLANG_WARN_EMPTY_BODY = YES;
				CLANG_WARN_ENUM_CONVERSION = YES;
				CLANG_WARN_INT_CONVERSION = YES;
				CLANG_WARN_OBJC_ROOT_CLASS = YES_ERROR;
				CLANG_WARN_UNREACHABLE_CODE = YES;
				CLANG_WARN__DUPLICATE_METHOD_MATCH = YES;
				"CODE_SIGN_IDENTITY[sdk=iphoneos*]" = "iPhone Developer";
				COPY_PHASE_STRIP = NO;
				DEBUG_INFORMATION_FORMAT = dwarf;
				ENABLE_STRICT_OBJC_MSGSEND = YES;
				ENABLE_TESTABILITY = YES;
				GCC_C_LANGUAGE_STANDARD = gnu99;
				GCC_DYNAMIC_NO_PIC = NO;
				GCC_NO_COMMON_BLOCKS = YES;
				GCC_OPTIMIZATION_LEVEL = 0;
				GCC_PREPROCESSOR_DEFINITIONS = (
					"DEBUG=1",
					"$(inherited)",
				);
				GCC_WARN_64_TO_32_BIT_CONVERSION = YES;
				GCC_WARN_ABOUT_RETURN_TYPE = YES_ERROR;
				GCC_WARN_UNDECLARED_SELECTOR = YES;
				GCC_WARN_UNINITIALIZED_AUTOS = YES_AGGRESSIVE;
				GCC_WARN_UNUSED_FUNCTION = YES;
				GCC_WARN_UNUSED_VARIABLE = YES;
				IPHONEOS_DEPLOYMENT_TARGET = 9.3;
				MTL_ENABLE_DEBUG_INFO = YES;
				ONLY_ACTIVE_ARCH = YES;
				SDKROOT = iphoneos;
				SWIFT_OPTIMIZATION_LEVEL = "-Onone";
				TARGETED_DEVICE_FAMILY = "1,2";
			};
			name = Debug;
		};
		424169BA1CE1085700AD5458 /* Release */ = {
			isa = XCBuildConfiguration;
			buildSettings = {
				ALWAYS_SEARCH_USER_PATHS = NO;
				CLANG_ANALYZER_NONNULL = YES;
				CLANG_CXX_LANGUAGE_STANDARD = "gnu++0x";
				CLANG_CXX_LIBRARY = "libc++";
				CLANG_ENABLE_MODULES = YES;
				CLANG_ENABLE_OBJC_ARC = YES;
				CLANG_WARN_BOOL_CONVERSION = YES;
				CLANG_WARN_CONSTANT_CONVERSION = YES;
				CLANG_WARN_DIRECT_OBJC_ISA_USAGE = YES_ERROR;
				CLANG_WARN_EMPTY_BODY = YES;
				CLANG_WARN_ENUM_CONVERSION = YES;
				CLANG_WARN_INT_CONVERSION = YES;
				CLANG_WARN_OBJC_ROOT_CLASS = YES_ERROR;
				CLANG_WARN_UNREACHABLE_CODE = YES;
				CLANG_WARN__DUPLICATE_METHOD_MATCH = YES;
				"CODE_SIGN_IDENTITY[sdk=iphoneos*]" = "iPhone Developer";
				COPY_PHASE_STRIP = NO;
				DEBUG_INFORMATION_FORMAT = "dwarf-with-dsym";
				ENABLE_NS_ASSERTIONS = NO;
				ENABLE_STRICT_OBJC_MSGSEND = YES;
				GCC_C_LANGUAGE_STANDARD = gnu99;
				GCC_NO_COMMON_BLOCKS = YES;
				GCC_WARN_64_TO_32_BIT_CONVERSION = YES;
				GCC_WARN_ABOUT_RETURN_TYPE = YES_ERROR;
				GCC_WARN_UNDECLARED_SELECTOR = YES;
				GCC_WARN_UNINITIALIZED_AUTOS = YES_AGGRESSIVE;
				GCC_WARN_UNUSED_FUNCTION = YES;
				GCC_WARN_UNUSED_VARIABLE = YES;
				IPHONEOS_DEPLOYMENT_TARGET = 9.3;
				MTL_ENABLE_DEBUG_INFO = NO;
				SDKROOT = iphoneos;
				TARGETED_DEVICE_FAMILY = "1,2";
				VALIDATE_PRODUCT = YES;
			};
			name = Release;
		};
		424169BC1CE1085700AD5458 /* Debug */ = {
			isa = XCBuildConfiguration;
			buildSettings = {
				ASSETCATALOG_COMPILER_APPICON_NAME = AppIcon;
				INFOPLIST_FILE = "Weather App/Info.plist";
				LD_RUNPATH_SEARCH_PATHS = "$(inherited) @executable_path/Frameworks";
				PRODUCT_BUNDLE_IDENTIFIER = "JT.Weather-App";
				PRODUCT_NAME = "$(TARGET_NAME)";
			};
			name = Debug;
		};
		424169BD1CE1085700AD5458 /* Release */ = {
			isa = XCBuildConfiguration;
			buildSettings = {
				ASSETCATALOG_COMPILER_APPICON_NAME = AppIcon;
				INFOPLIST_FILE = "Weather App/Info.plist";
				LD_RUNPATH_SEARCH_PATHS = "$(inherited) @executable_path/Frameworks";
				PRODUCT_BUNDLE_IDENTIFIER = "JT.Weather-App";
				PRODUCT_NAME = "$(TARGET_NAME)";
			};
			name = Release;
		};
		424169BF1CE1085700AD5458 /* Debug */ = {
			isa = XCBuildConfiguration;
			buildSettings = {
				BUNDLE_LOADER = "$(TEST_HOST)";
				INFOPLIST_FILE = "Weather AppTests/Info.plist";
				LD_RUNPATH_SEARCH_PATHS = "$(inherited) @executable_path/Frameworks @loader_path/Frameworks";
				PRODUCT_BUNDLE_IDENTIFIER = "JT.Weather-AppTests";
				PRODUCT_NAME = "$(TARGET_NAME)";
				TEST_HOST = "$(BUILT_PRODUCTS_DIR)/Weather App.app/Weather App";
			};
			name = Debug;
		};
		424169C01CE1085700AD5458 /* Release */ = {
			isa = XCBuildConfiguration;
			buildSettings = {
				BUNDLE_LOADER = "$(TEST_HOST)";
				INFOPLIST_FILE = "Weather AppTests/Info.plist";
				LD_RUNPATH_SEARCH_PATHS = "$(inherited) @executable_path/Frameworks @loader_path/Frameworks";
				PRODUCT_BUNDLE_IDENTIFIER = "JT.Weather-AppTests";
				PRODUCT_NAME = "$(TARGET_NAME)";
				TEST_HOST = "$(BUILT_PRODUCTS_DIR)/Weather App.app/Weather App";
			};
			name = Release;
		};
		424169C21CE1085700AD5458 /* Debug */ = {
			isa = XCBuildConfiguration;
			buildSettings = {
				INFOPLIST_FILE = "Weather AppUITests/Info.plist";
				LD_RUNPATH_SEARCH_PATHS = "$(inherited) @executable_path/Frameworks @loader_path/Frameworks";
				PRODUCT_BUNDLE_IDENTIFIER = "JT.Weather-AppUITests";
				PRODUCT_NAME = "$(TARGET_NAME)";
				TEST_TARGET_NAME = "Weather App";
			};
			name = Debug;
		};
		424169C31CE1085700AD5458 /* Release */ = {
			isa = XCBuildConfiguration;
			buildSettings = {
				INFOPLIST_FILE = "Weather AppUITests/Info.plist";
				LD_RUNPATH_SEARCH_PATHS = "$(inherited) @executable_path/Frameworks @loader_path/Frameworks";
				PRODUCT_BUNDLE_IDENTIFIER = "JT.Weather-AppUITests";
				PRODUCT_NAME = "$(TARGET_NAME)";
				TEST_TARGET_NAME = "Weather App";
			};
			name = Release;
		};
/* End XCBuildConfiguration section */

/* Begin XCConfigurationList section */
		4241698E1CE1085700AD5458 /* Build configuration list for PBXProject "Weather App" */ = {
			isa = XCConfigurationList;
			buildConfigurations = (
				424169B91CE1085700AD5458 /* Debug */,
				424169BA1CE1085700AD5458 /* Release */,
			);
			defaultConfigurationIsVisible = 0;
			defaultConfigurationName = Release;
		};
		424169BB1CE1085700AD5458 /* Build configuration list for PBXNativeTarget "Weather App" */ = {
			isa = XCConfigurationList;
			buildConfigurations = (
				424169BC1CE1085700AD5458 /* Debug */,
				424169BD1CE1085700AD5458 /* Release */,
			);
			defaultConfigurationIsVisible = 0;
			defaultConfigurationName = Release;
		};
		424169BE1CE1085700AD5458 /* Build configuration list for PBXNativeTarget "Weather AppTests" */ = {
			isa = XCConfigurationList;
			buildConfigurations = (
				424169BF1CE1085700AD5458 /* Debug */,
				424169C01CE1085700AD5458 /* Release */,
			);
			defaultConfigurationIsVisible = 0;
			defaultConfigurationName = Release;
		};
		424169C11CE1085700AD5458 /* Build configuration list for PBXNativeTarget "Weather AppUITests" */ = {
			isa = XCConfigurationList;
			buildConfigurations = (
				424169C21CE1085700AD5458 /* Debug */,
				424169C31CE1085700AD5458 /* Release */,
			);
			defaultConfigurationIsVisible = 0;
			defaultConfigurationName = Release;
		};
/* End XCConfigurationList section */
	};
	rootObject = 4241698B1CE1085700AD5458 /* Project object */;
}
